// !$*UTF8*$!
{
	archiveVersion = 1;
	classes = {
	};
	objectVersion = 55;
	objects = {

/* Begin PBXBuildFile section */
		ED96C7A7275FB923000E0ED9 /* LoadingView.swift in Sources */ = {isa = PBXBuildFile; fileRef = ED96C7A6275FB923000E0ED9 /* LoadingView.swift */; };
		ED96C7A9275FC498000E0ED9 /* WeatherManager.swift in Sources */ = {isa = PBXBuildFile; fileRef = ED96C7A8275FC498000E0ED9 /* WeatherManager.swift */; };
		ED96C7AB275FF165000E0ED9 /* WeatherView.swift in Sources */ = {isa = PBXBuildFile; fileRef = ED96C7AA275FF165000E0ED9 /* WeatherView.swift */; };
		ED96C7AD275FF331000E0ED9 /* ModelData.swift in Sources */ = {isa = PBXBuildFile; fileRef = ED96C7AC275FF331000E0ED9 /* ModelData.swift */; };
		ED96C7AF275FF3D2000E0ED9 /* weatherData.json in Resources */ = {isa = PBXBuildFile; fileRef = ED96C7AE275FF3D2000E0ED9 /* weatherData.json */; };
		ED96C7B1275FFCCF000E0ED9 /* Extensions.swift in Sources */ = {isa = PBXBuildFile; fileRef = ED96C7B0275FFCCF000E0ED9 /* Extensions.swift */; };
		ED96C7B32760C4A6000E0ED9 /* CircleImage.swift in Sources */ = {isa = PBXBuildFile; fileRef = ED96C7B22760C4A5000E0ED9 /* CircleImage.swift */; };
		ED96C7B52760CCA7000E0ED9 /* MapView.swift in Sources */ = {isa = PBXBuildFile; fileRef = ED96C7B42760CCA7000E0ED9 /* MapView.swift */; };
		EDF2C16E275F932100C34261 /* WeatherrApp.swift in Sources */ = {isa = PBXBuildFile; fileRef = EDF2C16D275F932100C34261 /* WeatherrApp.swift */; };
		EDF2C170275F932100C34261 /* ContentView.swift in Sources */ = {isa = PBXBuildFile; fileRef = EDF2C16F275F932100C34261 /* ContentView.swift */; };
		EDF2C172275F932200C34261 /* Assets.xcassets in Resources */ = {isa = PBXBuildFile; fileRef = EDF2C171275F932200C34261 /* Assets.xcassets */; };
		EDF2C175275F932200C34261 /* Preview Assets.xcassets in Resources */ = {isa = PBXBuildFile; fileRef = EDF2C174275F932200C34261 /* Preview Assets.xcassets */; };
		EDF2C17D275F9A1400C34261 /* LocationManager.swift in Sources */ = {isa = PBXBuildFile; fileRef = EDF2C17C275F9A1300C34261 /* LocationManager.swift */; };
		EDF2C180275FA62E00C34261 /* WelcomeView.swift in Sources */ = {isa = PBXBuildFile; fileRef = EDF2C17F275FA62E00C34261 /* WelcomeView.swift */; };
/* End PBXBuildFile section */

/* Begin PBXFileReference section */
		ED96C7A6275FB923000E0ED9 /* LoadingView.swift */ = {isa = PBXFileReference; lastKnownFileType = sourcecode.swift; path = LoadingView.swift; sourceTree = "<group>"; };
		ED96C7A8275FC498000E0ED9 /* WeatherManager.swift */ = {isa = PBXFileReference; lastKnownFileType = sourcecode.swift; path = WeatherManager.swift; sourceTree = "<group>"; };
		ED96C7AA275FF165000E0ED9 /* WeatherView.swift */ = {isa = PBXFileReference; lastKnownFileType = sourcecode.swift; path = WeatherView.swift; sourceTree = "<group>"; };
		ED96C7AC275FF331000E0ED9 /* ModelData.swift */ = {isa = PBXFileReference; lastKnownFileType = sourcecode.swift; path = ModelData.swift; sourceTree = "<group>"; };
		ED96C7AE275FF3D2000E0ED9 /* weatherData.json */ = {isa = PBXFileReference; lastKnownFileType = text.json; path = weatherData.json; sourceTree = "<group>"; };
		ED96C7B0275FFCCF000E0ED9 /* Extensions.swift */ = {isa = PBXFileReference; lastKnownFileType = sourcecode.swift; path = Extensions.swift; sourceTree = "<group>"; };
		ED96C7B22760C4A5000E0ED9 /* CircleImage.swift */ = {isa = PBXFileReference; lastKnownFileType = sourcecode.swift; path = CircleImage.swift; sourceTree = "<group>"; };
		ED96C7B42760CCA7000E0ED9 /* MapView.swift */ = {isa = PBXFileReference; lastKnownFileType = sourcecode.swift; path = MapView.swift; sourceTree = "<group>"; };
		EDF2C16A275F932100C34261 /* Weatherr.app */ = {isa = PBXFileReference; explicitFileType = wrapper.application; includeInIndex = 0; path = Weatherr.app; sourceTree = BUILT_PRODUCTS_DIR; };
		EDF2C16D275F932100C34261 /* WeatherrApp.swift */ = {isa = PBXFileReference; lastKnownFileType = sourcecode.swift; path = WeatherrApp.swift; sourceTree = "<group>"; };
		EDF2C16F275F932100C34261 /* ContentView.swift */ = {isa = PBXFileReference; lastKnownFileType = sourcecode.swift; path = ContentView.swift; sourceTree = "<group>"; };
		EDF2C171275F932200C34261 /* Assets.xcassets */ = {isa = PBXFileReference; lastKnownFileType = folder.assetcatalog; path = Assets.xcassets; sourceTree = "<group>"; };
		EDF2C174275F932200C34261 /* Preview Assets.xcassets */ = {isa = PBXFileReference; lastKnownFileType = folder.assetcatalog; path = "Preview Assets.xcassets"; sourceTree = "<group>"; };
		EDF2C17C275F9A1300C34261 /* LocationManager.swift */ = {isa = PBXFileReference; lastKnownFileType = sourcecode.swift; path = LocationManager.swift; sourceTree = "<group>"; };
		EDF2C17F275FA62E00C34261 /* WelcomeView.swift */ = {isa = PBXFileReference; lastKnownFileType = sourcecode.swift; path = WelcomeView.swift; sourceTree = "<group>"; };
/* End PBXFileReference section */

/* Begin PBXFrameworksBuildPhase section */
		EDF2C167275F932100C34261 /* Frameworks */ = {
			isa = PBXFrameworksBuildPhase;
			buildActionMask = 2147483647;
			files = (
			);
			runOnlyForDeploymentPostprocessing = 0;
		};
/* End PBXFrameworksBuildPhase section */

/* Begin PBXGroup section */
		EDF2C161275F932100C34261 = {
			isa = PBXGroup;
			children = (
				EDF2C16C275F932100C34261 /* Weatherr */,
				EDF2C16B275F932100C34261 /* Products */,
			);
			sourceTree = "<group>";
		};
		EDF2C16B275F932100C34261 /* Products */ = {
			isa = PBXGroup;
			children = (
				EDF2C16A275F932100C34261 /* Weatherr.app */,
			);
			name = Products;
			sourceTree = "<group>";
		};
		EDF2C16C275F932100C34261 /* Weatherr */ = {
			isa = PBXGroup;
			children = (
				EDF2C16D275F932100C34261 /* WeatherrApp.swift */,
				EDF2C17E275FA39E00C34261 /* Views */,
				EDF2C17B275F99C600C34261 /* Managers */,
				EDF2C171275F932200C34261 /* Assets.xcassets */,
				EDF2C173275F932200C34261 /* Preview Content */,
			);
			path = Weatherr;
			sourceTree = "<group>";
		};
		EDF2C173275F932200C34261 /* Preview Content */ = {
			isa = PBXGroup;
			children = (
				EDF2C174275F932200C34261 /* Preview Assets.xcassets */,
				ED96C7AC275FF331000E0ED9 /* ModelData.swift */,
				ED96C7AE275FF3D2000E0ED9 /* weatherData.json */,
			);
			path = "Preview Content";
			sourceTree = "<group>";
		};
		EDF2C17B275F99C600C34261 /* Managers */ = {
			isa = PBXGroup;
			children = (
				EDF2C17C275F9A1300C34261 /* LocationManager.swift */,
				ED96C7A8275FC498000E0ED9 /* WeatherManager.swift */,
				ED96C7B0275FFCCF000E0ED9 /* Extensions.swift */,
			);
			name = Managers;
			sourceTree = "<group>";
		};
		EDF2C17E275FA39E00C34261 /* Views */ = {
			isa = PBXGroup;
			children = (
				EDF2C16F275F932100C34261 /* ContentView.swift */,
				EDF2C17F275FA62E00C34261 /* WelcomeView.swift */,
				ED96C7A6275FB923000E0ED9 /* LoadingView.swift */,
				ED96C7AA275FF165000E0ED9 /* WeatherView.swift */,
				ED96C7B22760C4A5000E0ED9 /* CircleImage.swift */,
				ED96C7B42760CCA7000E0ED9 /* MapView.swift */,
			);
			path = Views;
			sourceTree = "<group>";
		};
/* End PBXGroup section */

/* Begin PBXNativeTarget section */
		EDF2C169275F932100C34261 /* Weatherr */ = {
			isa = PBXNativeTarget;
			buildConfigurationList = EDF2C178275F932200C34261 /* Build configuration list for PBXNativeTarget "Weatherr" */;
			buildPhases = (
				EDF2C166275F932100C34261 /* Sources */,
				EDF2C167275F932100C34261 /* Frameworks */,
				EDF2C168275F932100C34261 /* Resources */,
			);
			buildRules = (
			);
			dependencies = (
			);
			name = Weatherr;
			productName = Weatherr;
			productReference = EDF2C16A275F932100C34261 /* Weatherr.app */;
			productType = "com.apple.product-type.application";
		};
/* End PBXNativeTarget section */

/* Begin PBXProject section */
		EDF2C162275F932100C34261 /* Project object */ = {
			isa = PBXProject;
			attributes = {
				BuildIndependentTargetsInParallel = 1;
				LastSwiftUpdateCheck = 1310;
				LastUpgradeCheck = 1310;
				TargetAttributes = {
					EDF2C169275F932100C34261 = {
						CreatedOnToolsVersion = 13.1;
					};
				};
			};
			buildConfigurationList = EDF2C165275F932100C34261 /* Build configuration list for PBXProject "Weatherr" */;
			compatibilityVersion = "Xcode 13.0";
			developmentRegion = en;
			hasScannedForEncodings = 0;
			knownRegions = (
				en,
				Base,
			);
			mainGroup = EDF2C161275F932100C34261;
			productRefGroup = EDF2C16B275F932100C34261 /* Products */;
			projectDirPath = "";
			projectRoot = "";
			targets = (
				EDF2C169275F932100C34261 /* Weatherr */,
			);
		};
/* End PBXProject section */

/* Begin PBXResourcesBuildPhase section */
		EDF2C168275F932100C34261 /* Resources */ = {
			isa = PBXResourcesBuildPhase;
			buildActionMask = 2147483647;
			files = (
				EDF2C175275F932200C34261 /* Preview Assets.xcassets in Resources */,
				ED96C7AF275FF3D2000E0ED9 /* weatherData.json in Resources */,
				EDF2C172275F932200C34261 /* Assets.xcassets in Resources */,
			);
			runOnlyForDeploymentPostprocessing = 0;
		};
/* End PBXResourcesBuildPhase section */

/* Begin PBXSourcesBuildPhase section */
		EDF2C166275F932100C34261 /* Sources */ = {
			isa = PBXSourcesBuildPhase;
			buildActionMask = 2147483647;
			files = (
				ED96C7A9275FC498000E0ED9 /* WeatherManager.swift in Sources */,
				ED96C7B1275FFCCF000E0ED9 /* Extensions.swift in Sources */,
				EDF2C170275F932100C34261 /* ContentView.swift in Sources */,
				ED96C7B52760CCA7000E0ED9 /* MapView.swift in Sources */,
				EDF2C16E275F932100C34261 /* WeatherrApp.swift in Sources */,
				EDF2C17D275F9A1400C34261 /* LocationManager.swift in Sources */,
				ED96C7A7275FB923000E0ED9 /* LoadingView.swift in Sources */,
				ED96C7AD275FF331000E0ED9 /* ModelData.swift in Sources */,
				ED96C7AB275FF165000E0ED9 /* WeatherView.swift in Sources */,
				EDF2C180275FA62E00C34261 /* WelcomeView.swift in Sources */,
				ED96C7B32760C4A6000E0ED9 /* CircleImage.swift in Sources */,
			);
			runOnlyForDeploymentPostprocessing = 0;
		};
/* End PBXSourcesBuildPhase section */

/* Begin XCBuildConfiguration section */
		EDF2C176275F932200C34261 /* Debug */ = {
			isa = XCBuildConfiguration;
			buildSettings = {
				ALWAYS_SEARCH_USER_PATHS = NO;
				CLANG_ANALYZER_NONNULL = YES;
				CLANG_ANALYZER_NUMBER_OBJECT_CONVERSION = YES_AGGRESSIVE;
				CLANG_CXX_LANGUAGE_STANDARD = "gnu++17";
				CLANG_CXX_LIBRARY = "libc++";
				CLANG_ENABLE_MODULES = YES;
				CLANG_ENABLE_OBJC_ARC = YES;
				CLANG_ENABLE_OBJC_WEAK = YES;
				CLANG_WARN_BLOCK_CAPTURE_AUTORELEASING = YES;
				CLANG_WARN_BOOL_CONVERSION = YES;
				CLANG_WARN_COMMA = YES;
				CLANG_WARN_CONSTANT_CONVERSION = YES;
				CLANG_WARN_DEPRECATED_OBJC_IMPLEMENTATIONS = YES;
				CLANG_WARN_DIRECT_OBJC_ISA_USAGE = YES_ERROR;
				CLANG_WARN_DOCUMENTATION_COMMENTS = YES;
				CLANG_WARN_EMPTY_BODY = YES;
				CLANG_WARN_ENUM_CONVERSION = YES;
				CLANG_WARN_INFINITE_RECURSION = YES;
				CLANG_WARN_INT_CONVERSION = YES;
				CLANG_WARN_NON_LITERAL_NULL_CONVERSION = YES;
				CLANG_WARN_OBJC_IMPLICIT_RETAIN_SELF = YES;
				CLANG_WARN_OBJC_LITERAL_CONVERSION = YES;
				CLANG_WARN_OBJC_ROOT_CLASS = YES_ERROR;
				CLANG_WARN_QUOTED_INCLUDE_IN_FRAMEWORK_HEADER = YES;
				CLANG_WARN_RANGE_LOOP_ANALYSIS = YES;
				CLANG_WARN_STRICT_PROTOTYPES = YES;
				CLANG_WARN_SUSPICIOUS_MOVE = YES;
				CLANG_WARN_UNGUARDED_AVAILABILITY = YES_AGGRESSIVE;
				CLANG_WARN_UNREACHABLE_CODE = YES;
				CLANG_WARN__DUPLICATE_METHOD_MATCH = YES;
				COPY_PHASE_STRIP = NO;
				DEBUG_INFORMATION_FORMAT = dwarf;
				ENABLE_STRICT_OBJC_MSGSEND = YES;
				ENABLE_TESTABILITY = YES;
				GCC_C_LANGUAGE_STANDARD = gnu11;
				GCC_DYNAMIC_NO_PIC = NO;
				GCC_NO_COMMON_BLOCKS = YES;
				GCC_OPTIMIZATION_LEVEL = 0;
				GCC_PREPROCESSOR_DEFINITIONS = (
					"DEBUG=1",
					"$(inherited)",
				);
				GCC_WARN_64_TO_32_BIT_CONVERSION = YES;
				GCC_WARN_ABOUT_RETURN_TYPE = YES_ERROR;
				GCC_WARN_UNDECLARED_SELECTOR = YES;
				GCC_WARN_UNINITIALIZED_AUTOS = YES_AGGRESSIVE;
				GCC_WARN_UNUSED_FUNCTION = YES;
				GCC_WARN_UNUSED_VARIABLE = YES;
				IPHONEOS_DEPLOYMENT_TARGET = 15.0;
				MTL_ENABLE_DEBUG_INFO = INCLUDE_SOURCE;
				MTL_FAST_MATH = YES;
				ONLY_ACTIVE_ARCH = YES;
				SDKROOT = iphoneos;
				SWIFT_ACTIVE_COMPILATION_CONDITIONS = DEBUG;
				SWIFT_OPTIMIZATION_LEVEL = "-Onone";
			};
			name = Debug;
		};
		EDF2C177275F932200C34261 /* Release */ = {
			isa = XCBuildConfiguration;
			buildSettings = {
				ALWAYS_SEARCH_USER_PATHS = NO;
				CLANG_ANALYZER_NONNULL = YES;
				CLANG_ANALYZER_NUMBER_OBJECT_CONVERSION = YES_AGGRESSIVE;
				CLANG_CXX_LANGUAGE_STANDARD = "gnu++17";
				CLANG_CXX_LIBRARY = "libc++";
				CLANG_ENABLE_MODULES = YES;
				CLANG_ENABLE_OBJC_ARC = YES;
				CLANG_ENABLE_OBJC_WEAK = YES;
				CLANG_WARN_BLOCK_CAPTURE_AUTORELEASING = YES;
				CLANG_WARN_BOOL_CONVERSION = YES;
				CLANG_WARN_COMMA = YES;
				CLANG_WARN_CONSTANT_CONVERSION = YES;
				CLANG_WARN_DEPRECATED_OBJC_IMPLEMENTATIONS = YES;
				CLANG_WARN_DIRECT_OBJC_ISA_USAGE = YES_ERROR;
				CLANG_WARN_DOCUMENTATION_COMMENTS = YES;
				CLANG_WARN_EMPTY_BODY = YES;
				CLANG_WARN_ENUM_CONVERSION = YES;
				CLANG_WARN_INFINITE_RECURSION = YES;
				CLANG_WARN_INT_CONVERSION = YES;
				CLANG_WARN_NON_LITERAL_NULL_CONVERSION = YES;
				CLANG_WARN_OBJC_IMPLICIT_RETAIN_SELF = YES;
				CLANG_WARN_OBJC_LITERAL_CONVERSION = YES;
				CLANG_WARN_OBJC_ROOT_CLASS = YES_ERROR;
				CLANG_WARN_QUOTED_INCLUDE_IN_FRAMEWORK_HEADER = YES;
				CLANG_WARN_RANGE_LOOP_ANALYSIS = YES;
				CLANG_WARN_STRICT_PROTOTYPES = YES;
				CLANG_WARN_SUSPICIOUS_MOVE = YES;
				CLANG_WARN_UNGUARDED_AVAILABILITY = YES_AGGRESSIVE;
				CLANG_WARN_UNREACHABLE_CODE = YES;
				CLANG_WARN__DUPLICATE_METHOD_MATCH = YES;
				COPY_PHASE_STRIP = NO;
				DEBUG_INFORMATION_FORMAT = "dwarf-with-dsym";
				ENABLE_NS_ASSERTIONS = NO;
				ENABLE_STRICT_OBJC_MSGSEND = YES;
				GCC_C_LANGUAGE_STANDARD = gnu11;
				GCC_NO_COMMON_BLOCKS = YES;
				GCC_WARN_64_TO_32_BIT_CONVERSION = YES;
				GCC_WARN_ABOUT_RETURN_TYPE = YES_ERROR;
				GCC_WARN_UNDECLARED_SELECTOR = YES;
				GCC_WARN_UNINITIALIZED_AUTOS = YES_AGGRESSIVE;
				GCC_WARN_UNUSED_FUNCTION = YES;
				GCC_WARN_UNUSED_VARIABLE = YES;
				IPHONEOS_DEPLOYMENT_TARGET = 15.0;
				MTL_ENABLE_DEBUG_INFO = NO;
				MTL_FAST_MATH = YES;
				SDKROOT = iphoneos;
				SWIFT_COMPILATION_MODE = wholemodule;
				SWIFT_OPTIMIZATION_LEVEL = "-O";
				VALIDATE_PRODUCT = YES;
			};
			name = Release;
		};
		EDF2C179275F932200C34261 /* Debug */ = {
			isa = XCBuildConfiguration;
			buildSettings = {
				ASSETCATALOG_COMPILER_APPICON_NAME = AppIcon;
				ASSETCATALOG_COMPILER_GLOBAL_ACCENT_COLOR_NAME = AccentColor;
				CODE_SIGN_STYLE = Automatic;
				CURRENT_PROJECT_VERSION = 11;
				DEVELOPMENT_ASSET_PATHS = "\"Weatherr/Preview Content\"";
				DEVELOPMENT_TEAM = S7HD7PPB8U;
				ENABLE_PREVIEWS = YES;
				GENERATE_INFOPLIST_FILE = YES;
				INFOPLIST_KEY_UIApplicationSceneManifest_Generation = YES;
				INFOPLIST_KEY_UIApplicationSupportsIndirectInputEvents = YES;
				INFOPLIST_KEY_UILaunchScreen_Generation = YES;
				INFOPLIST_KEY_UISupportedInterfaceOrientations_iPad = "UIInterfaceOrientationPortrait UIInterfaceOrientationPortraitUpsideDown UIInterfaceOrientationLandscapeLeft UIInterfaceOrientationLandscapeRight";
				INFOPLIST_KEY_UISupportedInterfaceOrientations_iPhone = "UIInterfaceOrientationPortrait UIInterfaceOrientationLandscapeLeft UIInterfaceOrientationLandscapeRight";
				LD_RUNPATH_SEARCH_PATHS = (
					"$(inherited)",
					"@executable_path/Frameworks",
				);
				MARKETING_VERSION = 1.0;
				PRODUCT_BUNDLE_IDENTIFIER = i9orila.Weatherr;
				PRODUCT_NAME = "$(TARGET_NAME)";
				SWIFT_EMIT_LOC_STRINGS = YES;
				SWIFT_VERSION = 5.0;
				TARGETED_DEVICE_FAMILY = 1;
			};
			name = Debug;
		};
		EDF2C17A275F932200C34261 /* Release */ = {
			isa = XCBuildConfiguration;
			buildSettings = {
				ASSETCATALOG_COMPILER_APPICON_NAME = AppIcon;
				ASSETCATALOG_COMPILER_GLOBAL_ACCENT_COLOR_NAME = AccentColor;
				CODE_SIGN_STYLE = Automatic;
				CURRENT_PROJECT_VERSION = 11;
				DEVELOPMENT_ASSET_PATHS = "\"Weatherr/Preview Content\"";
				DEVELOPMENT_TEAM = S7HD7PPB8U;
				ENABLE_PREVIEWS = YES;
				GENERATE_INFOPLIST_FILE = YES;
				INFOPLIST_KEY_UIApplicationSceneManifest_Generation = YES;
				INFOPLIST_KEY_UIApplicationSupportsIndirectInputEvents = YES;
				INFOPLIST_KEY_UILaunchScreen_Generation = YES;
				INFOPLIST_KEY_UISupportedInterfaceOrientations_iPad = "UIInterfaceOrientationPortrait UIInterfaceOrientationPortraitUpsideDown UIInterfaceOrientationLandscapeLeft UIInterfaceOrientationLandscapeRight";
				INFOPLIST_KEY_UISupportedInterfaceOrientations_iPhone = "UIInterfaceOrientationPortrait UIInterfaceOrientationLandscapeLeft UIInterfaceOrientationLandscapeRight";
				LD_RUNPATH_SEARCH_PATHS = (
					"$(inherited)",
					"@executable_path/Frameworks",
				);
				MARKETING_VERSION = 1.0;
				PRODUCT_BUNDLE_IDENTIFIER = i9orila.Weatherr;
				PRODUCT_NAME = "$(TARGET_NAME)";
				SWIFT_EMIT_LOC_STRINGS = YES;
				SWIFT_VERSION = 5.0;
				TARGETED_DEVICE_FAMILY = 1;
			};
			name = Release;
		};
/* End XCBuildConfiguration section */

/* Begin XCConfigurationList section */
		EDF2C165275F932100C34261 /* Build configuration list for PBXProject "Weatherr" */ = {
			isa = XCConfigurationList;
			buildConfigurations = (
				EDF2C176275F932200C34261 /* Debug */,
				EDF2C177275F932200C34261 /* Release */,
			);
			defaultConfigurationIsVisible = 0;
			defaultConfigurationName = Release;
		};
		EDF2C178275F932200C34261 /* Build configuration list for PBXNativeTarget "Weatherr" */ = {
			isa = XCConfigurationList;
			buildConfigurations = (
				EDF2C179275F932200C34261 /* Debug */,
				EDF2C17A275F932200C34261 /* Release */,
			);
			defaultConfigurationIsVisible = 0;
			defaultConfigurationName = Release;
		};
/* End XCConfigurationList section */
	};
	rootObject = EDF2C162275F932100C34261 /* Project object */;
}
